// !$*UTF8*$!
{
	archiveVersion = 1;
	classes = {
	};
	objectVersion = 56;
	objects = {

/* Begin PBXBuildFile section */
		A31D94242CFD3F1300C20478 /* LocalDirectoryRetrieval.swift in Sources */ = {isa = PBXBuildFile; fileRef = A31D94232CFD3F1300C20478 /* LocalDirectoryRetrieval.swift */; };
		A320E6DC2CBB22DD00F977C1 /* GitHubDivefilesRetrieval.swift in Sources */ = {isa = PBXBuildFile; fileRef = A320E6DB2CBB22DD00F977C1 /* GitHubDivefilesRetrieval.swift */; };
		A320E6DE2CBB233B00F977C1 /* DivefileRepository.swift in Sources */ = {isa = PBXBuildFile; fileRef = A320E6DD2CBB233B00F977C1 /* DivefileRepository.swift */; };
		A39EDD1F2CBC81EC00478BBC /* ProcessExtensions.swift in Sources */ = {isa = PBXBuildFile; fileRef = A39EDD1E2CBC81EC00478BBC /* ProcessExtensions.swift */; };
		A3A7809B2CB3411B00B922DB /* DiveboardCliTool.swift in Sources */ = {isa = PBXBuildFile; fileRef = A3A7809A2CB3411B00B922DB /* DiveboardCliTool.swift */; };
		A3A780AC2CB34B0300B922DB /* ArgumentParser in Frameworks */ = {isa = PBXBuildFile; productRef = A3A780AB2CB34B0300B922DB /* ArgumentParser */; };
		A3AB3FC12CC3139F00F6E370 /* DotsPool.swift in Sources */ = {isa = PBXBuildFile; fileRef = A3AB3FC02CC3139F00F6E370 /* DotsPool.swift */; };
/* End PBXBuildFile section */

/* Begin PBXCopyFilesBuildPhase section */
		A3A780952CB3411B00B922DB /* CopyFiles */ = {
			isa = PBXCopyFilesBuildPhase;
			buildActionMask = 2147483647;
			dstPath = /usr/share/man/man1/;
			dstSubfolderSpec = 0;
			files = (
			);
			runOnlyForDeploymentPostprocessing = 1;
		};
/* End PBXCopyFilesBuildPhase section */

/* Begin PBXFileReference section */
		A31D94232CFD3F1300C20478 /* LocalDirectoryRetrieval.swift */ = {isa = PBXFileReference; lastKnownFileType = sourcecode.swift; path = LocalDirectoryRetrieval.swift; sourceTree = "<group>"; };
		A320E6DB2CBB22DD00F977C1 /* GitHubDivefilesRetrieval.swift */ = {isa = PBXFileReference; lastKnownFileType = sourcecode.swift; path = GitHubDivefilesRetrieval.swift; sourceTree = "<group>"; };
		A320E6DD2CBB233B00F977C1 /* DivefileRepository.swift */ = {isa = PBXFileReference; lastKnownFileType = sourcecode.swift; path = DivefileRepository.swift; sourceTree = "<group>"; };
		A39EDD1E2CBC81EC00478BBC /* ProcessExtensions.swift */ = {isa = PBXFileReference; lastKnownFileType = sourcecode.swift; path = ProcessExtensions.swift; sourceTree = "<group>"; };
		A3A780972CB3411B00B922DB /* diveboard-cli */ = {isa = PBXFileReference; explicitFileType = "compiled.mach-o.executable"; includeInIndex = 0; path = "diveboard-cli"; sourceTree = BUILT_PRODUCTS_DIR; };
		A3A7809A2CB3411B00B922DB /* DiveboardCliTool.swift */ = {isa = PBXFileReference; lastKnownFileType = sourcecode.swift; path = DiveboardCliTool.swift; sourceTree = "<group>"; };
		A3AA29B52CFA7E5000D3483E /* README.md */ = {isa = PBXFileReference; lastKnownFileType = net.daringfireball.markdown; path = README.md; sourceTree = "<group>"; };
		A3AB3FC02CC3139F00F6E370 /* DotsPool.swift */ = {isa = PBXFileReference; lastKnownFileType = sourcecode.swift; path = DotsPool.swift; sourceTree = "<group>"; };
/* End PBXFileReference section */

/* Begin PBXFrameworksBuildPhase section */
		A3A780942CB3411B00B922DB /* Frameworks */ = {
			isa = PBXFrameworksBuildPhase;
			buildActionMask = 2147483647;
			files = (
				A3A780AC2CB34B0300B922DB /* ArgumentParser in Frameworks */,
			);
			runOnlyForDeploymentPostprocessing = 0;
		};
/* End PBXFrameworksBuildPhase section */

/* Begin PBXGroup section */
		A3A7808E2CB3411B00B922DB = {
			isa = PBXGroup;
			children = (
				A3AA29B52CFA7E5000D3483E /* README.md */,
				A3A780992CB3411B00B922DB /* diveboard-cli */,
				A3A780982CB3411B00B922DB /* Products */,
				A3A780AA2CB34B0300B922DB /* Frameworks */,
			);
			sourceTree = "<group>";
		};
		A3A780982CB3411B00B922DB /* Products */ = {
			isa = PBXGroup;
			children = (
				A3A780972CB3411B00B922DB /* diveboard-cli */,
			);
			name = Products;
			sourceTree = "<group>";
		};
		A3A780992CB3411B00B922DB /* diveboard-cli */ = {
			isa = PBXGroup;
			children = (
				A3AB3FBF2CC3138B00F6E370 /* Pools */,
				A3A7809A2CB3411B00B922DB /* DiveboardCliTool.swift */,
				A320E6DB2CBB22DD00F977C1 /* GitHubDivefilesRetrieval.swift */,
				A320E6DD2CBB233B00F977C1 /* DivefileRepository.swift */,
				A39EDD1E2CBC81EC00478BBC /* ProcessExtensions.swift */,
				A31D94232CFD3F1300C20478 /* LocalDirectoryRetrieval.swift */,
			);
			path = "diveboard-cli";
			sourceTree = "<group>";
		};
		A3A780AA2CB34B0300B922DB /* Frameworks */ = {
			isa = PBXGroup;
			children = (
			);
			name = Frameworks;
			sourceTree = "<group>";
		};
		A3AB3FBF2CC3138B00F6E370 /* Pools */ = {
			isa = PBXGroup;
			children = (
				A3AB3FC02CC3139F00F6E370 /* DotsPool.swift */,
			);
			path = Pools;
			sourceTree = "<group>";
		};
/* End PBXGroup section */

/* Begin PBXNativeTarget section */
		A3A780962CB3411B00B922DB /* diveboard-cli */ = {
			isa = PBXNativeTarget;
			buildConfigurationList = A3A7809E2CB3411B00B922DB /* Build configuration list for PBXNativeTarget "diveboard-cli" */;
			buildPhases = (
				A3A780932CB3411B00B922DB /* Sources */,
				A3A780942CB3411B00B922DB /* Frameworks */,
				A3A780952CB3411B00B922DB /* CopyFiles */,
			);
			buildRules = (
			);
			dependencies = (
			);
			name = "diveboard-cli";
			packageProductDependencies = (
				A3A780AB2CB34B0300B922DB /* ArgumentParser */,
			);
			productName = "diveboard-cli";
			productReference = A3A780972CB3411B00B922DB /* diveboard-cli */;
			productType = "com.apple.product-type.tool";
		};
/* End PBXNativeTarget section */

/* Begin PBXProject section */
		A3A7808F2CB3411B00B922DB /* Project object */ = {
			isa = PBXProject;
			attributes = {
				BuildIndependentTargetsInParallel = 1;
				LastSwiftUpdateCheck = 1520;
				LastUpgradeCheck = 1610;
				TargetAttributes = {
					A3A780962CB3411B00B922DB = {
						CreatedOnToolsVersion = 15.2;
					};
				};
			};
			buildConfigurationList = A3A780922CB3411B00B922DB /* Build configuration list for PBXProject "diveboard-cli" */;
			compatibilityVersion = "Xcode 14.0";
			developmentRegion = en;
			hasScannedForEncodings = 0;
			knownRegions = (
				en,
				Base,
			);
			mainGroup = A3A7808E2CB3411B00B922DB;
			packageReferences = (
				A3A780A12CB3443B00B922DB /* XCRemoteSwiftPackageReference "swift-argument-parser" */,
			);
			productRefGroup = A3A780982CB3411B00B922DB /* Products */;
			projectDirPath = "";
			projectRoot = "";
			targets = (
				A3A780962CB3411B00B922DB /* diveboard-cli */,
			);
		};
/* End PBXProject section */

/* Begin PBXSourcesBuildPhase section */
		A3A780932CB3411B00B922DB /* Sources */ = {
			isa = PBXSourcesBuildPhase;
			buildActionMask = 2147483647;
			files = (
				A3A7809B2CB3411B00B922DB /* DiveboardCliTool.swift in Sources */,
				A39EDD1F2CBC81EC00478BBC /* ProcessExtensions.swift in Sources */,
				A320E6DC2CBB22DD00F977C1 /* GitHubDivefilesRetrieval.swift in Sources */,
				A3AB3FC12CC3139F00F6E370 /* DotsPool.swift in Sources */,
				A31D94242CFD3F1300C20478 /* LocalDirectoryRetrieval.swift in Sources */,
				A320E6DE2CBB233B00F977C1 /* DivefileRepository.swift in Sources */,
			);
			runOnlyForDeploymentPostprocessing = 0;
		};
/* End PBXSourcesBuildPhase section */

/* Begin XCBuildConfiguration section */
		A3A7809C2CB3411B00B922DB /* Debug */ = {
			isa = XCBuildConfiguration;
			buildSettings = {
				ALWAYS_SEARCH_USER_PATHS = NO;
				ASSETCATALOG_COMPILER_GENERATE_SWIFT_ASSET_SYMBOL_EXTENSIONS = YES;
				CLANG_ANALYZER_NONNULL = YES;
				CLANG_ANALYZER_NUMBER_OBJECT_CONVERSION = YES_AGGRESSIVE;
				CLANG_CXX_LANGUAGE_STANDARD = "gnu++20";
				CLANG_ENABLE_MODULES = YES;
				CLANG_ENABLE_OBJC_ARC = YES;
				CLANG_ENABLE_OBJC_WEAK = YES;
				CLANG_WARN_BLOCK_CAPTURE_AUTORELEASING = YES;
				CLANG_WARN_BOOL_CONVERSION = YES;
				CLANG_WARN_COMMA = YES;
				CLANG_WARN_CONSTANT_CONVERSION = YES;
				CLANG_WARN_DEPRECATED_OBJC_IMPLEMENTATIONS = YES;
				CLANG_WARN_DIRECT_OBJC_ISA_USAGE = YES_ERROR;
				CLANG_WARN_DOCUMENTATION_COMMENTS = YES;
				CLANG_WARN_EMPTY_BODY = YES;
				CLANG_WARN_ENUM_CONVERSION = YES;
				CLANG_WARN_INFINITE_RECURSION = YES;
				CLANG_WARN_INT_CONVERSION = YES;
				CLANG_WARN_NON_LITERAL_NULL_CONVERSION = YES;
				CLANG_WARN_OBJC_IMPLICIT_RETAIN_SELF = YES;
				CLANG_WARN_OBJC_LITERAL_CONVERSION = YES;
				CLANG_WARN_OBJC_ROOT_CLASS = YES_ERROR;
				CLANG_WARN_QUOTED_INCLUDE_IN_FRAMEWORK_HEADER = YES;
				CLANG_WARN_RANGE_LOOP_ANALYSIS = YES;
				CLANG_WARN_STRICT_PROTOTYPES = YES;
				CLANG_WARN_SUSPICIOUS_MOVE = YES;
				CLANG_WARN_UNGUARDED_AVAILABILITY = YES_AGGRESSIVE;
				CLANG_WARN_UNREACHABLE_CODE = YES;
				CLANG_WARN__DUPLICATE_METHOD_MATCH = YES;
				COPY_PHASE_STRIP = NO;
				DEAD_CODE_STRIPPING = YES;
				DEBUG_INFORMATION_FORMAT = dwarf;
				ENABLE_STRICT_OBJC_MSGSEND = YES;
				ENABLE_TESTABILITY = YES;
				ENABLE_USER_SCRIPT_SANDBOXING = YES;
				GCC_C_LANGUAGE_STANDARD = gnu17;
				GCC_DYNAMIC_NO_PIC = NO;
				GCC_NO_COMMON_BLOCKS = YES;
				GCC_OPTIMIZATION_LEVEL = 0;
				GCC_PREPROCESSOR_DEFINITIONS = (
					"DEBUG=1",
					"$(inherited)",
				);
				GCC_WARN_64_TO_32_BIT_CONVERSION = YES;
				GCC_WARN_ABOUT_RETURN_TYPE = YES_ERROR;
				GCC_WARN_UNDECLARED_SELECTOR = YES;
				GCC_WARN_UNINITIALIZED_AUTOS = YES_AGGRESSIVE;
				GCC_WARN_UNUSED_FUNCTION = YES;
				GCC_WARN_UNUSED_VARIABLE = YES;
				LOCALIZATION_PREFERS_STRING_CATALOGS = YES;
				MACOSX_DEPLOYMENT_TARGET = 13.7;
				MTL_ENABLE_DEBUG_INFO = INCLUDE_SOURCE;
				MTL_FAST_MATH = YES;
				ONLY_ACTIVE_ARCH = YES;
				SDKROOT = macosx;
				SWIFT_ACTIVE_COMPILATION_CONDITIONS = "DEBUG $(inherited)";
				SWIFT_OPTIMIZATION_LEVEL = "-Onone";
			};
			name = Debug;
		};
		A3A7809D2CB3411B00B922DB /* Release */ = {
			isa = XCBuildConfiguration;
			buildSettings = {
				ALWAYS_SEARCH_USER_PATHS = NO;
				ASSETCATALOG_COMPILER_GENERATE_SWIFT_ASSET_SYMBOL_EXTENSIONS = YES;
				CLANG_ANALYZER_NONNULL = YES;
				CLANG_ANALYZER_NUMBER_OBJECT_CONVERSION = YES_AGGRESSIVE;
				CLANG_CXX_LANGUAGE_STANDARD = "gnu++20";
				CLANG_ENABLE_MODULES = YES;
				CLANG_ENABLE_OBJC_ARC = YES;
				CLANG_ENABLE_OBJC_WEAK = YES;
				CLANG_WARN_BLOCK_CAPTURE_AUTORELEASING = YES;
				CLANG_WARN_BOOL_CONVERSION = YES;
				CLANG_WARN_COMMA = YES;
				CLANG_WARN_CONSTANT_CONVERSION = YES;
				CLANG_WARN_DEPRECATED_OBJC_IMPLEMENTATIONS = YES;
				CLANG_WARN_DIRECT_OBJC_ISA_USAGE = YES_ERROR;
				CLANG_WARN_DOCUMENTATION_COMMENTS = YES;
				CLANG_WARN_EMPTY_BODY = YES;
				CLANG_WARN_ENUM_CONVERSION = YES;
				CLANG_WARN_INFINITE_RECURSION = YES;
				CLANG_WARN_INT_CONVERSION = YES;
				CLANG_WARN_NON_LITERAL_NULL_CONVERSION = YES;
				CLANG_WARN_OBJC_IMPLICIT_RETAIN_SELF = YES;
				CLANG_WARN_OBJC_LITERAL_CONVERSION = YES;
				CLANG_WARN_OBJC_ROOT_CLASS = YES_ERROR;
				CLANG_WARN_QUOTED_INCLUDE_IN_FRAMEWORK_HEADER = YES;
				CLANG_WARN_RANGE_LOOP_ANALYSIS = YES;
				CLANG_WARN_STRICT_PROTOTYPES = YES;
				CLANG_WARN_SUSPICIOUS_MOVE = YES;
				CLANG_WARN_UNGUARDED_AVAILABILITY = YES_AGGRESSIVE;
				CLANG_WARN_UNREACHABLE_CODE = YES;
				CLANG_WARN__DUPLICATE_METHOD_MATCH = YES;
				COPY_PHASE_STRIP = NO;
				DEAD_CODE_STRIPPING = YES;
				DEBUG_INFORMATION_FORMAT = "dwarf-with-dsym";
				ENABLE_NS_ASSERTIONS = NO;
				ENABLE_STRICT_OBJC_MSGSEND = YES;
				ENABLE_USER_SCRIPT_SANDBOXING = YES;
				GCC_C_LANGUAGE_STANDARD = gnu17;
				GCC_NO_COMMON_BLOCKS = YES;
				GCC_WARN_64_TO_32_BIT_CONVERSION = YES;
				GCC_WARN_ABOUT_RETURN_TYPE = YES_ERROR;
				GCC_WARN_UNDECLARED_SELECTOR = YES;
				GCC_WARN_UNINITIALIZED_AUTOS = YES_AGGRESSIVE;
				GCC_WARN_UNUSED_FUNCTION = YES;
				GCC_WARN_UNUSED_VARIABLE = YES;
				LOCALIZATION_PREFERS_STRING_CATALOGS = YES;
				MACOSX_DEPLOYMENT_TARGET = 13.7;
				MTL_ENABLE_DEBUG_INFO = NO;
				MTL_FAST_MATH = YES;
				SDKROOT = macosx;
				SWIFT_COMPILATION_MODE = wholemodule;
			};
			name = Release;
		};
		A3A7809F2CB3411B00B922DB /* Debug */ = {
			isa = XCBuildConfiguration;
			buildSettings = {
				CODE_SIGN_STYLE = Automatic;
				DEAD_CODE_STRIPPING = YES;
				DEVELOPMENT_TEAM = TLZAXH2BJ6;
				ENABLE_HARDENED_RUNTIME = YES;
				PRODUCT_NAME = "$(TARGET_NAME)";
				SWIFT_VERSION = 5.0;
			};
			name = Debug;
		};
		A3A780A02CB3411B00B922DB /* Release */ = {
			isa = XCBuildConfiguration;
			buildSettings = {
				CODE_SIGN_STYLE = Automatic;
				DEAD_CODE_STRIPPING = YES;
				DEVELOPMENT_TEAM = TLZAXH2BJ6;
				ENABLE_HARDENED_RUNTIME = YES;
				PRODUCT_NAME = "$(TARGET_NAME)";
				SWIFT_VERSION = 5.0;
			};
			name = Release;
		};
/* End XCBuildConfiguration section */

/* Begin XCConfigurationList section */
		A3A780922CB3411B00B922DB /* Build configuration list for PBXProject "diveboard-cli" */ = {
			isa = XCConfigurationList;
			buildConfigurations = (
				A3A7809C2CB3411B00B922DB /* Debug */,
				A3A7809D2CB3411B00B922DB /* Release */,
			);
			defaultConfigurationIsVisible = 0;
			defaultConfigurationName = Release;
		};
		A3A7809E2CB3411B00B922DB /* Build configuration list for PBXNativeTarget "diveboard-cli" */ = {
			isa = XCConfigurationList;
			buildConfigurations = (
				A3A7809F2CB3411B00B922DB /* Debug */,
				A3A780A02CB3411B00B922DB /* Release */,
			);
			defaultConfigurationIsVisible = 0;
			defaultConfigurationName = Release;
		};
/* End XCConfigurationList section */

/* Begin XCRemoteSwiftPackageReference section */
		A3A780A12CB3443B00B922DB /* XCRemoteSwiftPackageReference "swift-argument-parser" */ = {
			isa = XCRemoteSwiftPackageReference;
			repositoryURL = "https://github.com/apple/swift-argument-parser.git";
			requirement = {
				kind = upToNextMajorVersion;
				minimumVersion = 1.5.0;
			};
		};
/* End XCRemoteSwiftPackageReference section */

/* Begin XCSwiftPackageProductDependency section */
		A3A780AB2CB34B0300B922DB /* ArgumentParser */ = {
			isa = XCSwiftPackageProductDependency;
			package = A3A780A12CB3443B00B922DB /* XCRemoteSwiftPackageReference "swift-argument-parser" */;
			productName = ArgumentParser;
		};
/* End XCSwiftPackageProductDependency section */
	};
	rootObject = A3A7808F2CB3411B00B922DB /* Project object */;
}
